
Microsoft Visual Studio Solution File, Format Version 12.00
# Visual Studio 15
VisualStudioVersion = 15.0.28307.852
MinimumVisualStudioVersion = 10.0.40219.1
Project("{FAE04EC0-301F-11D3-BF4B-00C04F79EFBC}") = "FolderBrowser", "FolderBrowser\FolderBrowser.csproj", "{CE3BE36C-B304-48BD-8752-99902F7980B2}"
EndProject
Global
	GlobalSection(SolutionConfigurationPlatforms) = preSolution
		Debug|Any CPU = Debug|Any CPU
		Release|Any CPU = Release|Any CPU
	EndGlobalSection
	GlobalSection(ProjectConfigurationPlatforms) = postSolution
		{CE3BE36C-B304-48BD-8752-99902F7980B2}.Debug|Any CPU.ActiveCfg = Debug|Any CPU
		{CE3BE36C-B304-48BD-8752-99902F7980B2}.Debug|Any CPU.Build.0 = Debug|Any CPU
		{CE3BE36C-B304-48BD-8752-99902F7980B2}.Release|Any CPU.ActiveCfg = Release|Any CPU
		{CE3BE36C-B304-48BD-8752-99902F7980B2}.Release|Any CPU.Build.0 = Release|Any CPU
	EndGlobalSection
	GlobalSection(SolutionProperties) = preSolution
		HideSolutionNode = FALSE
	EndGlobalSection
	GlobalSection(ExtensibilityGlobals) = postSolution
		SolutionGuid = {B9FE5338-3E4D-4841-B5F4-B40F448DD4F8}
	EndGlobalSection
EndGlobal
